
Microsoft Visual Studio Solution File, Format Version 12.00
# Visual Studio 14
VisualStudioVersion = 14.0.25420.1
MinimumVisualStudioVersion = 10.0.40219.1
Project("{2150E333-8FDC-42A3-9474-1A3956D46DE8}") = "Web", "Web", "{C7F5BF67-A103-4F09-BCB2-371162CFA428}"
EndProject
Project("{FAE04EC0-301F-11D3-BF4B-00C04F79EFBC}") = "CF.Web", "CF.Web\CF.Web.csproj", "{130D2EFA-DACA-4131-AFA3-9FFFDA7E14BC}"
EndProject
Project("{2150E333-8FDC-42A3-9474-1A3956D46DE8}") = "_Core", "_Core", "{39AEE75D-BB7D-4E45-B878-A1104924A8A0}"
EndProject
Project("{2150E333-8FDC-42A3-9474-1A3956D46DE8}") = "_Framework", "_Framework", "{4DB24A84-67B1-4DB2-9F43-6425C362E6E7}"
EndProject
Project("{2150E333-8FDC-42A3-9474-1A3956D46DE8}") = "Account", "Account", "{91269EC0-B7DE-4DDE-BA27-0BA18D5D6F31}"
EndProject
Project("{FAE04EC0-301F-11D3-BF4B-00C04F79EFBC}") = "CF.Core.Cache", "CF.Core.Cache\CF.Core.Cache.csproj", "{C0ACC6B5-9D4C-443E-85F2-CCC8E49E5254}"
EndProject
Project("{FAE04EC0-301F-11D3-BF4B-00C04F79EFBC}") = "CF.Core.Config", "CF.Core.Config\CF.Core.Config.csproj", "{0939273B-B12D-4198-9B12-A32DC1F6FA8F}"
EndProject
Project("{FAE04EC0-301F-11D3-BF4B-00C04F79EFBC}") = "CF.Framework.Contract", "CF.Framework.Contract\CF.Framework.Contract.csproj", "{AAF50620-C042-425B-94A4-5866BA923489}"
EndProject
Project("{FAE04EC0-301F-11D3-BF4B-00C04F79EFBC}") = "CF.Framework.DAL", "CF.Framework.DAL\CF.Framework.DAL.csproj", "{B630B2D5-0134-4AF3-B006-C4004A00238A}"
EndProject
Project("{FAE04EC0-301F-11D3-BF4B-00C04F79EFBC}") = "CF.Framework.Utility", "CF.Framework.Utility\CF.Framework.Utility.csproj", "{0A273CF6-07E9-43BC-BFC2-B7DFEC262CEA}"
EndProject
Project("{FAE04EC0-301F-11D3-BF4B-00C04F79EFBC}") = "CF.Framework.Web", "CF.Framework.Web\CF.Framework.Web.csproj", "{4FF97F31-9329-4146-A57A-20FFF220F864}"
EndProject
Project("{FAE04EC0-301F-11D3-BF4B-00C04F79EFBC}") = "CF.Account.Contract", "CF.Account.Contract\CF.Account.Contract.csproj", "{34D4F99F-49CD-41B9-B628-4EDBFAD3D789}"
EndProject
Project("{FAE04EC0-301F-11D3-BF4B-00C04F79EFBC}") = "CF.Account.DAL", "CF.Account.DAL\CF.Account.DAL.csproj", "{918C68A2-384F-4B06-BEBF-76167D4B8B43}"
EndProject
Project("{FAE04EC0-301F-11D3-BF4B-00C04F79EFBC}") = "CF.Core.Log", "CF.Core.Log\CF.Core.Log.csproj", "{3E05CAB5-EECC-484F-BC25-C1F83CC49D55}"
EndProject
Project("{FAE04EC0-301F-11D3-BF4B-00C04F79EFBC}") = "VNCF.PSS.Web", "VNCF.PSS.Web\VNCF.PSS.Web.csproj", "{4A2C17D5-441D-4FF4-950B-2FC587D6E0EE}"
EndProject
Project("{FAE04EC0-301F-11D3-BF4B-00C04F79EFBC}") = "CF.Core.Service", "CF.Core.Service\CF.Core.Service.csproj", "{1DB52E99-1B9B-4E5B-A0FD-B80EEDB96FC4}"
EndProject
Project("{FAE04EC0-301F-11D3-BF4B-00C04F79EFBC}") = "CF.Core.Module", "CF.Core.Module\CF.Core.Module.csproj", "{8213D5C1-1AA8-4AFA-B52F-D319A25E4D60}"
EndProject
Project("{FAE04EC0-301F-11D3-BF4B-00C04F79EFBC}") = "CF.Core.Upload", "CF.Core.Upload\CF.Core.Upload.csproj", "{3922D1DD-AC6A-4775-87B6-483617E9504F}"
EndProject
Project("{FAE04EC0-301F-11D3-BF4B-00C04F79EFBC}") = "CF.Account.BLL", "CF.Account.BLL\CF.Account.BLL.csproj", "{BB26954A-53DF-43F8-A6B3-E38B3913B2A5}"
EndProject
Project("{2150E333-8FDC-42A3-9474-1A3956D46DE8}") = "System", "System", "{71CC2A74-0F53-4267-ACC7-4F39FE1DBC1D}"
EndProject
Project("{FAE04EC0-301F-11D3-BF4B-00C04F79EFBC}") = "CF.System.BLL", "CF.System.BLL\CF.System.BLL.csproj", "{22DEC911-32E1-4135-AE97-4986D0AA0B3F}"
EndProject
Project("{FAE04EC0-301F-11D3-BF4B-00C04F79EFBC}") = "CF.SQLServer.DAL", "CF.SQLServer.DAL\CF.SQLServer.DAL.csproj", "{AAB8A362-EA2C-4327-87C4-D31AB84322C9}"
EndProject
Project("{2150E333-8FDC-42A3-9474-1A3956D46DE8}") = "File", "File", "{E8F2CA79-8DA5-4ADD-8655-C4F695AE6F42}"
EndProject
Project("{2150E333-8FDC-42A3-9474-1A3956D46DE8}") = "Base", "Base", "{996D5040-1C6E-43EF-BC41-DC01C90E8E66}"
EndProject
Project("{FAE04EC0-301F-11D3-BF4B-00C04F79EFBC}") = "VNCF.Base.Contract", "VNCF.Base.Contract\VNCF.Base.Contract.csproj", "{0FC4703C-8532-4C4A-BCF1-E845B06A3EDD}"
EndProject
Project("{FAE04EC0-301F-11D3-BF4B-00C04F79EFBC}") = "VNCF.Base.DAL", "VNCF.Base.DAL\VNCF.Base.DAL.csproj", "{754CE242-B852-4015-8D5D-D1DAF6153B4F}"
EndProject
Project("{FAE04EC0-301F-11D3-BF4B-00C04F79EFBC}") = "VNCF.File.Contract", "VNCF.File.Contract\VNCF.File.Contract.csproj", "{C1F73267-081A-4A50-8AEC-DDCCB9C754D7}"
EndProject
Project("{FAE04EC0-301F-11D3-BF4B-00C04F79EFBC}") = "VNCF.File.DAL", "VNCF.File.DAL\VNCF.File.DAL.csproj", "{21B7926E-B50B-44E2-B3DF-DC3EC61E1B10}"
EndProject
Project("{FAE04EC0-301F-11D3-BF4B-00C04F79EFBC}") = "FileHelper", "FileHelper\FileHelper.csproj", "{A38EEC30-58DA-4F12-BE6E-65C9C8EA2712}"
EndProject
Global
	GlobalSection(SolutionConfigurationPlatforms) = preSolution
		Debug|Any CPU = Debug|Any CPU
		Release|Any CPU = Release|Any CPU
	EndGlobalSection
	GlobalSection(ProjectConfigurationPlatforms) = postSolution
		{130D2EFA-DACA-4131-AFA3-9FFFDA7E14BC}.Debug|Any CPU.ActiveCfg = Debug|Any CPU
		{130D2EFA-DACA-4131-AFA3-9FFFDA7E14BC}.Debug|Any CPU.Build.0 = Debug|Any CPU
		{130D2EFA-DACA-4131-AFA3-9FFFDA7E14BC}.Release|Any CPU.ActiveCfg = Release|Any CPU
		{130D2EFA-DACA-4131-AFA3-9FFFDA7E14BC}.Release|Any CPU.Build.0 = Release|Any CPU
		{C0ACC6B5-9D4C-443E-85F2-CCC8E49E5254}.Debug|Any CPU.ActiveCfg = Debug|Any CPU
		{C0ACC6B5-9D4C-443E-85F2-CCC8E49E5254}.Debug|Any CPU.Build.0 = Debug|Any CPU
		{C0ACC6B5-9D4C-443E-85F2-CCC8E49E5254}.Release|Any CPU.ActiveCfg = Release|Any CPU
		{C0ACC6B5-9D4C-443E-85F2-CCC8E49E5254}.Release|Any CPU.Build.0 = Release|Any CPU
		{0939273B-B12D-4198-9B12-A32DC1F6FA8F}.Debug|Any CPU.ActiveCfg = Debug|Any CPU
		{0939273B-B12D-4198-9B12-A32DC1F6FA8F}.Debug|Any CPU.Build.0 = Debug|Any CPU
		{0939273B-B12D-4198-9B12-A32DC1F6FA8F}.Release|Any CPU.ActiveCfg = Release|Any CPU
		{0939273B-B12D-4198-9B12-A32DC1F6FA8F}.Release|Any CPU.Build.0 = Release|Any CPU
		{AAF50620-C042-425B-94A4-5866BA923489}.Debug|Any CPU.ActiveCfg = Debug|Any CPU
		{AAF50620-C042-425B-94A4-5866BA923489}.Debug|Any CPU.Build.0 = Debug|Any CPU
		{AAF50620-C042-425B-94A4-5866BA923489}.Release|Any CPU.ActiveCfg = Release|Any CPU
		{AAF50620-C042-425B-94A4-5866BA923489}.Release|Any CPU.Build.0 = Release|Any CPU
		{B630B2D5-0134-4AF3-B006-C4004A00238A}.Debug|Any CPU.ActiveCfg = Debug|Any CPU
		{B630B2D5-0134-4AF3-B006-C4004A00238A}.Debug|Any CPU.Build.0 = Debug|Any CPU
		{B630B2D5-0134-4AF3-B006-C4004A00238A}.Release|Any CPU.ActiveCfg = Release|Any CPU
		{B630B2D5-0134-4AF3-B006-C4004A00238A}.Release|Any CPU.Build.0 = Release|Any CPU
		{0A273CF6-07E9-43BC-BFC2-B7DFEC262CEA}.Debug|Any CPU.ActiveCfg = Debug|Any CPU
		{0A273CF6-07E9-43BC-BFC2-B7DFEC262CEA}.Debug|Any CPU.Build.0 = Debug|Any CPU
		{0A273CF6-07E9-43BC-BFC2-B7DFEC262CEA}.Release|Any CPU.ActiveCfg = Release|Any CPU
		{0A273CF6-07E9-43BC-BFC2-B7DFEC262CEA}.Release|Any CPU.Build.0 = Release|Any CPU
		{4FF97F31-9329-4146-A57A-20FFF220F864}.Debug|Any CPU.ActiveCfg = Debug|Any CPU
		{4FF97F31-9329-4146-A57A-20FFF220F864}.Debug|Any CPU.Build.0 = Debug|Any CPU
		{4FF97F31-9329-4146-A57A-20FFF220F864}.Release|Any CPU.ActiveCfg = Release|Any CPU
		{4FF97F31-9329-4146-A57A-20FFF220F864}.Release|Any CPU.Build.0 = Release|Any CPU
		{34D4F99F-49CD-41B9-B628-4EDBFAD3D789}.Debug|Any CPU.ActiveCfg = Debug|Any CPU
		{34D4F99F-49CD-41B9-B628-4EDBFAD3D789}.Debug|Any CPU.Build.0 = Debug|Any CPU
		{34D4F99F-49CD-41B9-B628-4EDBFAD3D789}.Release|Any CPU.ActiveCfg = Release|Any CPU
		{34D4F99F-49CD-41B9-B628-4EDBFAD3D789}.Release|Any CPU.Build.0 = Release|Any CPU
		{918C68A2-384F-4B06-BEBF-76167D4B8B43}.Debug|Any CPU.ActiveCfg = Debug|Any CPU
		{918C68A2-384F-4B06-BEBF-76167D4B8B43}.Debug|Any CPU.Build.0 = Debug|Any CPU
		{918C68A2-384F-4B06-BEBF-76167D4B8B43}.Release|Any CPU.ActiveCfg = Release|Any CPU
		{918C68A2-384F-4B06-BEBF-76167D4B8B43}.Release|Any CPU.Build.0 = Release|Any CPU
		{3E05CAB5-EECC-484F-BC25-C1F83CC49D55}.Debug|Any CPU.ActiveCfg = Debug|Any CPU
		{3E05CAB5-EECC-484F-BC25-C1F83CC49D55}.Debug|Any CPU.Build.0 = Debug|Any CPU
		{3E05CAB5-EECC-484F-BC25-C1F83CC49D55}.Release|Any CPU.ActiveCfg = Release|Any CPU
		{3E05CAB5-EECC-484F-BC25-C1F83CC49D55}.Release|Any CPU.Build.0 = Release|Any CPU
		{4A2C17D5-441D-4FF4-950B-2FC587D6E0EE}.Debug|Any CPU.ActiveCfg = Debug|Any CPU
		{4A2C17D5-441D-4FF4-950B-2FC587D6E0EE}.Debug|Any CPU.Build.0 = Debug|Any CPU
		{4A2C17D5-441D-4FF4-950B-2FC587D6E0EE}.Release|Any CPU.ActiveCfg = Release|Any CPU
		{4A2C17D5-441D-4FF4-950B-2FC587D6E0EE}.Release|Any CPU.Build.0 = Release|Any CPU
		{1DB52E99-1B9B-4E5B-A0FD-B80EEDB96FC4}.Debug|Any CPU.ActiveCfg = Debug|Any CPU
		{1DB52E99-1B9B-4E5B-A0FD-B80EEDB96FC4}.Debug|Any CPU.Build.0 = Debug|Any CPU
		{1DB52E99-1B9B-4E5B-A0FD-B80EEDB96FC4}.Release|Any CPU.ActiveCfg = Release|Any CPU
		{1DB52E99-1B9B-4E5B-A0FD-B80EEDB96FC4}.Release|Any CPU.Build.0 = Release|Any CPU
		{8213D5C1-1AA8-4AFA-B52F-D319A25E4D60}.Debug|Any CPU.ActiveCfg = Debug|Any CPU
		{8213D5C1-1AA8-4AFA-B52F-D319A25E4D60}.Debug|Any CPU.Build.0 = Debug|Any CPU
		{8213D5C1-1AA8-4AFA-B52F-D319A25E4D60}.Release|Any CPU.ActiveCfg = Release|Any CPU
		{8213D5C1-1AA8-4AFA-B52F-D319A25E4D60}.Release|Any CPU.Build.0 = Release|Any CPU
		{3922D1DD-AC6A-4775-87B6-483617E9504F}.Debug|Any CPU.ActiveCfg = Debug|Any CPU
		{3922D1DD-AC6A-4775-87B6-483617E9504F}.Debug|Any CPU.Build.0 = Debug|Any CPU
		{3922D1DD-AC6A-4775-87B6-483617E9504F}.Release|Any CPU.ActiveCfg = Release|Any CPU
		{3922D1DD-AC6A-4775-87B6-483617E9504F}.Release|Any CPU.Build.0 = Release|Any CPU
		{BB26954A-53DF-43F8-A6B3-E38B3913B2A5}.Debug|Any CPU.ActiveCfg = Debug|Any CPU
		{BB26954A-53DF-43F8-A6B3-E38B3913B2A5}.Debug|Any CPU.Build.0 = Debug|Any CPU
		{BB26954A-53DF-43F8-A6B3-E38B3913B2A5}.Release|Any CPU.ActiveCfg = Release|Any CPU
		{BB26954A-53DF-43F8-A6B3-E38B3913B2A5}.Release|Any CPU.Build.0 = Release|Any CPU
		{22DEC911-32E1-4135-AE97-4986D0AA0B3F}.Debug|Any CPU.ActiveCfg = Debug|Any CPU
		{22DEC911-32E1-4135-AE97-4986D0AA0B3F}.Debug|Any CPU.Build.0 = Debug|Any CPU
		{22DEC911-32E1-4135-AE97-4986D0AA0B3F}.Release|Any CPU.ActiveCfg = Release|Any CPU
		{22DEC911-32E1-4135-AE97-4986D0AA0B3F}.Release|Any CPU.Build.0 = Release|Any CPU
		{AAB8A362-EA2C-4327-87C4-D31AB84322C9}.Debug|Any CPU.ActiveCfg = Debug|Any CPU
		{AAB8A362-EA2C-4327-87C4-D31AB84322C9}.Debug|Any CPU.Build.0 = Debug|Any CPU
		{AAB8A362-EA2C-4327-87C4-D31AB84322C9}.Release|Any CPU.ActiveCfg = Release|Any CPU
		{AAB8A362-EA2C-4327-87C4-D31AB84322C9}.Release|Any CPU.Build.0 = Release|Any CPU
		{0FC4703C-8532-4C4A-BCF1-E845B06A3EDD}.Debug|Any CPU.ActiveCfg = Debug|Any CPU
		{0FC4703C-8532-4C4A-BCF1-E845B06A3EDD}.Debug|Any CPU.Build.0 = Debug|Any CPU
		{0FC4703C-8532-4C4A-BCF1-E845B06A3EDD}.Release|Any CPU.ActiveCfg = Release|Any CPU
		{0FC4703C-8532-4C4A-BCF1-E845B06A3EDD}.Release|Any CPU.Build.0 = Release|Any CPU
		{754CE242-B852-4015-8D5D-D1DAF6153B4F}.Debug|Any CPU.ActiveCfg = Debug|Any CPU
		{754CE242-B852-4015-8D5D-D1DAF6153B4F}.Debug|Any CPU.Build.0 = Debug|Any CPU
		{754CE242-B852-4015-8D5D-D1DAF6153B4F}.Release|Any CPU.ActiveCfg = Release|Any CPU
		{754CE242-B852-4015-8D5D-D1DAF6153B4F}.Release|Any CPU.Build.0 = Release|Any CPU
		{C1F73267-081A-4A50-8AEC-DDCCB9C754D7}.Debug|Any CPU.ActiveCfg = Debug|Any CPU
		{C1F73267-081A-4A50-8AEC-DDCCB9C754D7}.Debug|Any CPU.Build.0 = Debug|Any CPU
		{C1F73267-081A-4A50-8AEC-DDCCB9C754D7}.Release|Any CPU.ActiveCfg = Release|Any CPU
		{C1F73267-081A-4A50-8AEC-DDCCB9C754D7}.Release|Any CPU.Build.0 = Release|Any CPU
		{21B7926E-B50B-44E2-B3DF-DC3EC61E1B10}.Debug|Any CPU.ActiveCfg = Debug|Any CPU
		{21B7926E-B50B-44E2-B3DF-DC3EC61E1B10}.Debug|Any CPU.Build.0 = Debug|Any CPU
		{21B7926E-B50B-44E2-B3DF-DC3EC61E1B10}.Release|Any CPU.ActiveCfg = Release|Any CPU
		{21B7926E-B50B-44E2-B3DF-DC3EC61E1B10}.Release|Any CPU.Build.0 = Release|Any CPU
		{A38EEC30-58DA-4F12-BE6E-65C9C8EA2712}.Debug|Any CPU.ActiveCfg = Debug|Any CPU
		{A38EEC30-58DA-4F12-BE6E-65C9C8EA2712}.Debug|Any CPU.Build.0 = Debug|Any CPU
		{A38EEC30-58DA-4F12-BE6E-65C9C8EA2712}.Release|Any CPU.ActiveCfg = Release|Any CPU
		{A38EEC30-58DA-4F12-BE6E-65C9C8EA2712}.Release|Any CPU.Build.0 = Release|Any CPU
	EndGlobalSection
	GlobalSection(SolutionProperties) = preSolution
		HideSolutionNode = FALSE
	EndGlobalSection
	GlobalSection(NestedProjects) = preSolution
		{130D2EFA-DACA-4131-AFA3-9FFFDA7E14BC} = {C7F5BF67-A103-4F09-BCB2-371162CFA428}
		{C0ACC6B5-9D4C-443E-85F2-CCC8E49E5254} = {39AEE75D-BB7D-4E45-B878-A1104924A8A0}
		{0939273B-B12D-4198-9B12-A32DC1F6FA8F} = {39AEE75D-BB7D-4E45-B878-A1104924A8A0}
		{AAF50620-C042-425B-94A4-5866BA923489} = {4DB24A84-67B1-4DB2-9F43-6425C362E6E7}
		{B630B2D5-0134-4AF3-B006-C4004A00238A} = {4DB24A84-67B1-4DB2-9F43-6425C362E6E7}
		{0A273CF6-07E9-43BC-BFC2-B7DFEC262CEA} = {4DB24A84-67B1-4DB2-9F43-6425C362E6E7}
		{4FF97F31-9329-4146-A57A-20FFF220F864} = {4DB24A84-67B1-4DB2-9F43-6425C362E6E7}
		{34D4F99F-49CD-41B9-B628-4EDBFAD3D789} = {91269EC0-B7DE-4DDE-BA27-0BA18D5D6F31}
		{918C68A2-384F-4B06-BEBF-76167D4B8B43} = {91269EC0-B7DE-4DDE-BA27-0BA18D5D6F31}
		{3E05CAB5-EECC-484F-BC25-C1F83CC49D55} = {39AEE75D-BB7D-4E45-B878-A1104924A8A0}
		{4A2C17D5-441D-4FF4-950B-2FC587D6E0EE} = {C7F5BF67-A103-4F09-BCB2-371162CFA428}
		{1DB52E99-1B9B-4E5B-A0FD-B80EEDB96FC4} = {39AEE75D-BB7D-4E45-B878-A1104924A8A0}
		{8213D5C1-1AA8-4AFA-B52F-D319A25E4D60} = {39AEE75D-BB7D-4E45-B878-A1104924A8A0}
		{3922D1DD-AC6A-4775-87B6-483617E9504F} = {39AEE75D-BB7D-4E45-B878-A1104924A8A0}
		{BB26954A-53DF-43F8-A6B3-E38B3913B2A5} = {91269EC0-B7DE-4DDE-BA27-0BA18D5D6F31}
		{22DEC911-32E1-4135-AE97-4986D0AA0B3F} = {71CC2A74-0F53-4267-ACC7-4F39FE1DBC1D}
		{AAB8A362-EA2C-4327-87C4-D31AB84322C9} = {39AEE75D-BB7D-4E45-B878-A1104924A8A0}
		{0FC4703C-8532-4C4A-BCF1-E845B06A3EDD} = {996D5040-1C6E-43EF-BC41-DC01C90E8E66}
		{754CE242-B852-4015-8D5D-D1DAF6153B4F} = {996D5040-1C6E-43EF-BC41-DC01C90E8E66}
		{C1F73267-081A-4A50-8AEC-DDCCB9C754D7} = {E8F2CA79-8DA5-4ADD-8655-C4F695AE6F42}
		{21B7926E-B50B-44E2-B3DF-DC3EC61E1B10} = {E8F2CA79-8DA5-4ADD-8655-C4F695AE6F42}
		{A38EEC30-58DA-4F12-BE6E-65C9C8EA2712} = {C7F5BF67-A103-4F09-BCB2-371162CFA428}
	EndGlobalSection
EndGlobal
